
Microsoft Visual Studio Solution File, Format Version 12.00
# Visual Studio Version 17
VisualStudioVersion = 17.11.35327.3
MinimumVisualStudioVersion = 10.0.40219.1
Project("{FAE04EC0-301F-11D3-BF4B-00C04F79EFBC}") = "InformService", "InformService\InformService.csproj", "{0974A476-F6AD-4F3D-B0B7-8CE7FBEFC2CF}"
EndProject
Project("{FAE04EC0-301F-11D3-BF4B-00C04F79EFBC}") = "ShopMonitorService", "ShopMonitorService\ShopMonitorService.csproj", "{A056A2DA-655A-4BC3-ABB6-094580AB1EDC}"
EndProject
Project("{FAE04EC0-301F-11D3-BF4B-00C04F79EFBC}") = "OrchService", "OrchService\OrchService.csproj", "{F35A289C-6102-454D-AD68-D848D3844038}"
EndProject
Global
	GlobalSection(SolutionConfigurationPlatforms) = preSolution
		Debug|Any CPU = Debug|Any CPU
		Release|Any CPU = Release|Any CPU
	EndGlobalSection
	GlobalSection(ProjectConfigurationPlatforms) = postSolution
		{0974A476-F6AD-4F3D-B0B7-8CE7FBEFC2CF}.Debug|Any CPU.ActiveCfg = Debug|Any CPU
		{0974A476-F6AD-4F3D-B0B7-8CE7FBEFC2CF}.Debug|Any CPU.Build.0 = Debug|Any CPU
		{0974A476-F6AD-4F3D-B0B7-8CE7FBEFC2CF}.Release|Any CPU.ActiveCfg = Release|Any CPU
		{0974A476-F6AD-4F3D-B0B7-8CE7FBEFC2CF}.Release|Any CPU.Build.0 = Release|Any CPU
		{A056A2DA-655A-4BC3-ABB6-094580AB1EDC}.Debug|Any CPU.ActiveCfg = Debug|Any CPU
		{A056A2DA-655A-4BC3-ABB6-094580AB1EDC}.Debug|Any CPU.Build.0 = Debug|Any CPU
		{A056A2DA-655A-4BC3-ABB6-094580AB1EDC}.Release|Any CPU.ActiveCfg = Release|Any CPU
		{A056A2DA-655A-4BC3-ABB6-094580AB1EDC}.Release|Any CPU.Build.0 = Release|Any CPU
		{F35A289C-6102-454D-AD68-D848D3844038}.Debug|Any CPU.ActiveCfg = Debug|Any CPU
		{F35A289C-6102-454D-AD68-D848D3844038}.Debug|Any CPU.Build.0 = Debug|Any CPU
		{F35A289C-6102-454D-AD68-D848D3844038}.Release|Any CPU.ActiveCfg = Release|Any CPU
		{F35A289C-6102-454D-AD68-D848D3844038}.Release|Any CPU.Build.0 = Release|Any CPU
	EndGlobalSection
	GlobalSection(SolutionProperties) = preSolution
		HideSolutionNode = FALSE
	EndGlobalSection
	GlobalSection(ExtensibilityGlobals) = postSolution
		SolutionGuid = {957D8FE9-D77A-4085-960E-DF3A402E476F}
	EndGlobalSection
EndGlobal
